
Microsoft Visual Studio Solution File, Format Version 12.00
# Visual Studio 15
VisualStudioVersion = 15.0.28307.902
MinimumVisualStudioVersion = 10.0.40219.1
Project("{FAE04EC0-301F-11D3-BF4B-00C04F79EFBC}") = "CamelCase", "CamelCase\CamelCase.csproj", "{FCF75E74-2E14-4A23-ABC7-983C7FC52FA0}"
EndProject
Global
	GlobalSection(SolutionConfigurationPlatforms) = preSolution
		Debug|Any CPU = Debug|Any CPU
		Release|Any CPU = Release|Any CPU
	EndGlobalSection
	GlobalSection(ProjectConfigurationPlatforms) = postSolution
		{FCF75E74-2E14-4A23-ABC7-983C7FC52FA0}.Debug|Any CPU.ActiveCfg = Debug|Any CPU
		{FCF75E74-2E14-4A23-ABC7-983C7FC52FA0}.Debug|Any CPU.Build.0 = Debug|Any CPU
		{FCF75E74-2E14-4A23-ABC7-983C7FC52FA0}.Release|Any CPU.ActiveCfg = Release|Any CPU
		{FCF75E74-2E14-4A23-ABC7-983C7FC52FA0}.Release|Any CPU.Build.0 = Release|Any CPU
	EndGlobalSection
	GlobalSection(SolutionProperties) = preSolution
		HideSolutionNode = FALSE
	EndGlobalSection
	GlobalSection(ExtensibilityGlobals) = postSolution
		SolutionGuid = {62A7CC12-850C-4C42-BAC6-9113DF653D71}
	EndGlobalSection
EndGlobal
